// !$*UTF8*$!
{
	archiveVersion = 1;
	classes = {
	};
	objectVersion = 46;
	objects = {

/* Begin PBXBuildFile section */
		1CC48E8D526E9958A3D45383 /* libPods-iosMathTests.a in Frameworks */ = {isa = PBXBuildFile; fileRef = 33459E3F7CC9ECC36CCA7414 /* libPods-iosMathTests.a */; };
		490465BF1D23DA8400F82033 /* MTTypesetterTest.m in Sources */ = {isa = PBXBuildFile; fileRef = 490465BE1D23DA8400F82033 /* MTTypesetterTest.m */; };
		4987307617D546800041B02B /* Foundation.framework in Frameworks */ = {isa = PBXBuildFile; fileRef = 49965F0117CBBA2700A555C5 /* Foundation.framework */; };
		498730A417D547450041B02B /* InfoPlist.strings in Resources */ = {isa = PBXBuildFile; fileRef = 49965F2617CBBA2700A555C5 /* InfoPlist.strings */; };
		498730A717D548190041B02B /* MTMathListBuilderTest.m in Sources */ = {isa = PBXBuildFile; fileRef = 49B83EEF17CE71AC0014B739 /* MTMathListBuilderTest.m */; };
		498730A817D548190041B02B /* MTMathListTest.m in Sources */ = {isa = PBXBuildFile; fileRef = 49B83EF517CF046A0014B739 /* MTMathListTest.m */; };
		498730A917D548CA0041B02B /* UIKit.framework in Frameworks */ = {isa = PBXBuildFile; fileRef = 49965EFF17CBBA2700A555C5 /* UIKit.framework */; };
		498730AA17D548D40041B02B /* CoreText.framework in Frameworks */ = {isa = PBXBuildFile; fileRef = 49B83EF217CE74620014B739 /* CoreText.framework */; };
		498730AC17D548DB0041B02B /* QuartzCore.framework in Frameworks */ = {isa = PBXBuildFile; fileRef = 498730AB17D548DB0041B02B /* QuartzCore.framework */; };
		498730AD17D549A00041B02B /* CoreGraphics.framework in Frameworks */ = {isa = PBXBuildFile; fileRef = 49965F0317CBBA2700A555C5 /* CoreGraphics.framework */; };
		49965F1F17CBBA2700A555C5 /* UIKit.framework in Frameworks */ = {isa = PBXBuildFile; fileRef = 49965EFF17CBBA2700A555C5 /* UIKit.framework */; };
		49965F2017CBBA2700A555C5 /* Foundation.framework in Frameworks */ = {isa = PBXBuildFile; fileRef = 49965F0117CBBA2700A555C5 /* Foundation.framework */; };
		99E426C7279B26FA000B80DC /* MTTypesetter.h in Headers */ = {isa = PBXBuildFile; fileRef = 99E426A1279B26FA000B80DC /* MTTypesetter.h */; settings = {ATTRIBUTES = (Private, ); }; };
		99E426C8279B26FA000B80DC /* MTMathListDisplayInternal.h in Headers */ = {isa = PBXBuildFile; fileRef = 99E426A2279B26FA000B80DC /* MTMathListDisplayInternal.h */; settings = {ATTRIBUTES = (Private, ); }; };
		99E426CD279B26FA000B80DC /* MTFont+Internal.h in Headers */ = {isa = PBXBuildFile; fileRef = 99E426A7279B26FA000B80DC /* MTFont+Internal.h */; settings = {ATTRIBUTES = (Private, ); }; };
		99E426D4279B26FA000B80DC /* MTFontMathTable.h in Headers */ = {isa = PBXBuildFile; fileRef = 99E426AE279B26FA000B80DC /* MTFontMathTable.h */; settings = {ATTRIBUTES = (Public, ); }; };
		99E426D5279B26FA000B80DC /* MTMathListIndex.h in Headers */ = {isa = PBXBuildFile; fileRef = 99E426B0279B26FA000B80DC /* MTMathListIndex.h */; settings = {ATTRIBUTES = (Public, ); }; };
		99E426D6279B26FA000B80DC /* NSColor+HexString.h in Headers */ = {isa = PBXBuildFile; fileRef = 99E426B1279B26FA000B80DC /* NSColor+HexString.h */; settings = {ATTRIBUTES = (Public, ); }; };
		99E426D7279B26FA000B80DC /* NSView+backgroundColor.h in Headers */ = {isa = PBXBuildFile; fileRef = 99E426B2279B26FA000B80DC /* NSView+backgroundColor.h */; settings = {ATTRIBUTES = (Public, ); }; };
		99E426D8279B26FA000B80DC /* MTMathListBuilder.h in Headers */ = {isa = PBXBuildFile; fileRef = 99E426B3279B26FA000B80DC /* MTMathListBuilder.h */; settings = {ATTRIBUTES = (Public, ); }; };
		99E426D9279B26FA000B80DC /* MTMathListDisplay.h in Headers */ = {isa = PBXBuildFile; fileRef = 99E426B4279B26FA000B80DC /* MTMathListDisplay.h */; settings = {ATTRIBUTES = (Public, ); }; };
		99E426DA279B26FA000B80DC /* MTConfig.h in Headers */ = {isa = PBXBuildFile; fileRef = 99E426B5279B26FA000B80DC /* MTConfig.h */; settings = {ATTRIBUTES = (Public, ); }; };
		99E426DB279B26FA000B80DC /* MTLabel.h in Headers */ = {isa = PBXBuildFile; fileRef = 99E426B6279B26FA000B80DC /* MTLabel.h */; settings = {ATTRIBUTES = (Public, ); }; };
		99E426DC279B26FA000B80DC /* MTFont.h in Headers */ = {isa = PBXBuildFile; fileRef = 99E426B7279B26FA000B80DC /* MTFont.h */; settings = {ATTRIBUTES = (Public, ); }; };
		99E426DD279B26FA000B80DC /* UIColor+HexString.h in Headers */ = {isa = PBXBuildFile; fileRef = 99E426B8279B26FA000B80DC /* UIColor+HexString.h */; settings = {ATTRIBUTES = (Public, ); }; };
		99E426DE279B26FA000B80DC /* MTUnicode.h in Headers */ = {isa = PBXBuildFile; fileRef = 99E426B9279B26FA000B80DC /* MTUnicode.h */; settings = {ATTRIBUTES = (Public, ); }; };
		99E426DF279B26FA000B80DC /* NSBezierPath+addLineToPoint.h in Headers */ = {isa = PBXBuildFile; fileRef = 99E426BA279B26FA000B80DC /* NSBezierPath+addLineToPoint.h */; settings = {ATTRIBUTES = (Public, ); }; };
		99E426E0279B26FA000B80DC /* IosMath.h in Headers */ = {isa = PBXBuildFile; fileRef = 99E426BB279B26FA000B80DC /* IosMath.h */; settings = {ATTRIBUTES = (Public, ); }; };
		99E426E1279B26FA000B80DC /* MTMathList.h in Headers */ = {isa = PBXBuildFile; fileRef = 99E426BC279B26FA000B80DC /* MTMathList.h */; settings = {ATTRIBUTES = (Public, ); }; };
		99E426E2279B26FA000B80DC /* MTMathAtomFactory.h in Headers */ = {isa = PBXBuildFile; fileRef = 99E426BD279B26FA000B80DC /* MTMathAtomFactory.h */; settings = {ATTRIBUTES = (Public, ); }; };
		99E426E3279B26FA000B80DC /* MTMathUILabel.h in Headers */ = {isa = PBXBuildFile; fileRef = 99E426BE279B26FA000B80DC /* MTMathUILabel.h */; settings = {ATTRIBUTES = (Public, ); }; };
		99E426E4279B26FA000B80DC /* MTFontManager.h in Headers */ = {isa = PBXBuildFile; fileRef = 99E426BF279B26FA000B80DC /* MTFontManager.h */; settings = {ATTRIBUTES = (Public, ); }; };
		99E42722279B39EE000B80DC /* MTUnicode.m in Sources */ = {isa = PBXBuildFile; fileRef = 99E426C1279B26FA000B80DC /* MTUnicode.m */; };
		99E42723279B39EE000B80DC /* MTMathAtomFactory.m in Sources */ = {isa = PBXBuildFile; fileRef = 99E426C2279B26FA000B80DC /* MTMathAtomFactory.m */; };
		99E42724279B39EE000B80DC /* MTMathList.m in Sources */ = {isa = PBXBuildFile; fileRef = 99E426C3279B26FA000B80DC /* MTMathList.m */; };
		99E42725279B39EE000B80DC /* MTMathListBuilder.m in Sources */ = {isa = PBXBuildFile; fileRef = 99E426C4279B26FA000B80DC /* MTMathListBuilder.m */; };
		99E42726279B39EE000B80DC /* MTMathListIndex.m in Sources */ = {isa = PBXBuildFile; fileRef = 99E426C5279B26FA000B80DC /* MTMathListIndex.m */; };
		99E42727279B39EE000B80DC /* NSBezierPath+addLineToPoint.m in Sources */ = {isa = PBXBuildFile; fileRef = 99E426A0279B26FA000B80DC /* NSBezierPath+addLineToPoint.m */; };
		99E42728279B39EE000B80DC /* MTFontMathTable.m in Sources */ = {isa = PBXBuildFile; fileRef = 99E426A3279B26FA000B80DC /* MTFontMathTable.m */; };
		99E42729279B39EE000B80DC /* MTFontManager.m in Sources */ = {isa = PBXBuildFile; fileRef = 99E426A4279B26FA000B80DC /* MTFontManager.m */; };
		99E4272A279B39EE000B80DC /* MTMathUILabel.m in Sources */ = {isa = PBXBuildFile; fileRef = 99E426A5279B26FA000B80DC /* MTMathUILabel.m */; };
		99E4272B279B39EE000B80DC /* NSView+backgroundColor.m in Sources */ = {isa = PBXBuildFile; fileRef = 99E426A6279B26FA000B80DC /* NSView+backgroundColor.m */; };
		99E4272C279B39EE000B80DC /* NSColor+HexString.m in Sources */ = {isa = PBXBuildFile; fileRef = 99E426A8279B26FA000B80DC /* NSColor+HexString.m */; };
		99E4272D279B39EE000B80DC /* MTTypesetter.m in Sources */ = {isa = PBXBuildFile; fileRef = 99E426A9279B26FA000B80DC /* MTTypesetter.m */; };
		99E4272E279B39EE000B80DC /* MTMathListDisplay.m in Sources */ = {isa = PBXBuildFile; fileRef = 99E426AA279B26FA000B80DC /* MTMathListDisplay.m */; };
		99E4272F279B39EE000B80DC /* MTFont.m in Sources */ = {isa = PBXBuildFile; fileRef = 99E426AB279B26FA000B80DC /* MTFont.m */; };
		99E42730279B39EE000B80DC /* MTLabel.m in Sources */ = {isa = PBXBuildFile; fileRef = 99E426AC279B26FA000B80DC /* MTLabel.m */; };
		99E42731279B39EE000B80DC /* UIColor+HexString.m in Sources */ = {isa = PBXBuildFile; fileRef = 99E426AD279B26FA000B80DC /* UIColor+HexString.m */; };
		99E4274D279CE636000B80DC /* MathFonts.bundle in Resources */ = {isa = PBXBuildFile; fileRef = 99E4274A279CE59B000B80DC /* MathFonts.bundle */; };
/* End PBXBuildFile section */

/* Begin PBXCopyFilesBuildPhase section */
		4987307317D546800041B02B /* CopyFiles */ = {
			isa = PBXCopyFilesBuildPhase;
			buildActionMask = 2147483647;
			dstPath = "include/${PRODUCT_NAME}";
			dstSubfolderSpec = 16;
			files = (
			);
			runOnlyForDeploymentPostprocessing = 0;
		};
/* End PBXCopyFilesBuildPhase section */

/* Begin PBXFileReference section */
		11BDFD1AB91580A33D83C75E /* libPods-iosMathExample.a */ = {isa = PBXFileReference; explicitFileType = archive.ar; includeInIndex = 0; path = "libPods-iosMathExample.a"; sourceTree = BUILT_PRODUCTS_DIR; };
		33459E3F7CC9ECC36CCA7414 /* libPods-iosMathTests.a */ = {isa = PBXFileReference; explicitFileType = archive.ar; includeInIndex = 0; path = "libPods-iosMathTests.a"; sourceTree = BUILT_PRODUCTS_DIR; };
		490465BE1D23DA8400F82033 /* MTTypesetterTest.m */ = {isa = PBXFileReference; fileEncoding = 4; lastKnownFileType = sourcecode.c.objc; path = MTTypesetterTest.m; sourceTree = "<group>"; };
		4987307517D546800041B02B /* libIosMath.a */ = {isa = PBXFileReference; explicitFileType = archive.ar; includeInIndex = 0; path = libIosMath.a; sourceTree = BUILT_PRODUCTS_DIR; };
		498730AB17D548DB0041B02B /* QuartzCore.framework */ = {isa = PBXFileReference; lastKnownFileType = wrapper.framework; name = QuartzCore.framework; path = System/Library/Frameworks/QuartzCore.framework; sourceTree = SDKROOT; };
		49965EFF17CBBA2700A555C5 /* UIKit.framework */ = {isa = PBXFileReference; lastKnownFileType = wrapper.framework; name = UIKit.framework; path = System/Library/Frameworks/UIKit.framework; sourceTree = SDKROOT; };
		49965F0117CBBA2700A555C5 /* Foundation.framework */ = {isa = PBXFileReference; lastKnownFileType = wrapper.framework; name = Foundation.framework; path = System/Library/Frameworks/Foundation.framework; sourceTree = SDKROOT; };
		49965F0317CBBA2700A555C5 /* CoreGraphics.framework */ = {isa = PBXFileReference; lastKnownFileType = wrapper.framework; name = CoreGraphics.framework; path = System/Library/Frameworks/CoreGraphics.framework; sourceTree = SDKROOT; };
		49965F1C17CBBA2700A555C5 /* iosMathTests.xctest */ = {isa = PBXFileReference; explicitFileType = wrapper.cfbundle; includeInIndex = 0; path = iosMathTests.xctest; sourceTree = BUILT_PRODUCTS_DIR; };
		49965F2517CBBA2700A555C5 /* iosMathTests-Info.plist */ = {isa = PBXFileReference; lastKnownFileType = text.plist.xml; path = "iosMathTests-Info.plist"; sourceTree = "<group>"; };
		49965F2717CBBA2700A555C5 /* en */ = {isa = PBXFileReference; lastKnownFileType = text.plist.strings; name = en; path = en.lproj/InfoPlist.strings; sourceTree = "<group>"; };
		49A27B0218EBF5B30030B7EF /* CoreFoundation.framework */ = {isa = PBXFileReference; lastKnownFileType = wrapper.framework; name = CoreFoundation.framework; path = System/Library/Frameworks/CoreFoundation.framework; sourceTree = SDKROOT; };
		49B83EEF17CE71AC0014B739 /* MTMathListBuilderTest.m */ = {isa = PBXFileReference; fileEncoding = 4; lastKnownFileType = sourcecode.c.objc; path = MTMathListBuilderTest.m; sourceTree = "<group>"; };
		49B83EF217CE74620014B739 /* CoreText.framework */ = {isa = PBXFileReference; lastKnownFileType = wrapper.framework; name = CoreText.framework; path = System/Library/Frameworks/CoreText.framework; sourceTree = SDKROOT; };
		49B83EF517CF046A0014B739 /* MTMathListTest.m */ = {isa = PBXFileReference; fileEncoding = 4; lastKnownFileType = sourcecode.c.objc; path = MTMathListTest.m; sourceTree = "<group>"; };
		964660A84E6FEDD150C994C8 /* Pods-iosMathTests.release.xcconfig */ = {isa = PBXFileReference; includeInIndex = 1; lastKnownFileType = text.xcconfig; name = "Pods-iosMathTests.release.xcconfig"; path = "Pods/Target Support Files/Pods-iosMathTests/Pods-iosMathTests.release.xcconfig"; sourceTree = "<group>"; };
		99E426A0279B26FA000B80DC /* NSBezierPath+addLineToPoint.m */ = {isa = PBXFileReference; fileEncoding = 4; lastKnownFileType = sourcecode.c.objc; path = "NSBezierPath+addLineToPoint.m"; sourceTree = "<group>"; };
		99E426A1279B26FA000B80DC /* MTTypesetter.h */ = {isa = PBXFileReference; fileEncoding = 4; lastKnownFileType = sourcecode.c.h; path = MTTypesetter.h; sourceTree = "<group>"; };
		99E426A2279B26FA000B80DC /* MTMathListDisplayInternal.h */ = {isa = PBXFileReference; fileEncoding = 4; lastKnownFileType = sourcecode.c.h; path = MTMathListDisplayInternal.h; sourceTree = "<group>"; };
		99E426A3279B26FA000B80DC /* MTFontMathTable.m */ = {isa = PBXFileReference; fileEncoding = 4; lastKnownFileType = sourcecode.c.objc; path = MTFontMathTable.m; sourceTree = "<group>"; };
		99E426A4279B26FA000B80DC /* MTFontManager.m */ = {isa = PBXFileReference; fileEncoding = 4; lastKnownFileType = sourcecode.c.objc; path = MTFontManager.m; sourceTree = "<group>"; };
		99E426A5279B26FA000B80DC /* MTMathUILabel.m */ = {isa = PBXFileReference; fileEncoding = 4; lastKnownFileType = sourcecode.c.objc; path = MTMathUILabel.m; sourceTree = "<group>"; };
		99E426A6279B26FA000B80DC /* NSView+backgroundColor.m */ = {isa = PBXFileReference; fileEncoding = 4; lastKnownFileType = sourcecode.c.objc; path = "NSView+backgroundColor.m"; sourceTree = "<group>"; };
		99E426A7279B26FA000B80DC /* MTFont+Internal.h */ = {isa = PBXFileReference; fileEncoding = 4; lastKnownFileType = sourcecode.c.h; path = "MTFont+Internal.h"; sourceTree = "<group>"; };
		99E426A8279B26FA000B80DC /* NSColor+HexString.m */ = {isa = PBXFileReference; fileEncoding = 4; lastKnownFileType = sourcecode.c.objc; path = "NSColor+HexString.m"; sourceTree = "<group>"; };
		99E426A9279B26FA000B80DC /* MTTypesetter.m */ = {isa = PBXFileReference; fileEncoding = 4; lastKnownFileType = sourcecode.c.objc; path = MTTypesetter.m; sourceTree = "<group>"; };
		99E426AA279B26FA000B80DC /* MTMathListDisplay.m */ = {isa = PBXFileReference; fileEncoding = 4; lastKnownFileType = sourcecode.c.objc; path = MTMathListDisplay.m; sourceTree = "<group>"; };
		99E426AB279B26FA000B80DC /* MTFont.m */ = {isa = PBXFileReference; fileEncoding = 4; lastKnownFileType = sourcecode.c.objc; path = MTFont.m; sourceTree = "<group>"; };
		99E426AC279B26FA000B80DC /* MTLabel.m */ = {isa = PBXFileReference; fileEncoding = 4; lastKnownFileType = sourcecode.c.objc; path = MTLabel.m; sourceTree = "<group>"; };
		99E426AD279B26FA000B80DC /* UIColor+HexString.m */ = {isa = PBXFileReference; fileEncoding = 4; lastKnownFileType = sourcecode.c.objc; path = "UIColor+HexString.m"; sourceTree = "<group>"; };
		99E426AE279B26FA000B80DC /* MTFontMathTable.h */ = {isa = PBXFileReference; fileEncoding = 4; lastKnownFileType = sourcecode.c.h; path = MTFontMathTable.h; sourceTree = "<group>"; };
		99E426B0279B26FA000B80DC /* MTMathListIndex.h */ = {isa = PBXFileReference; fileEncoding = 4; lastKnownFileType = sourcecode.c.h; path = MTMathListIndex.h; sourceTree = "<group>"; };
		99E426B1279B26FA000B80DC /* NSColor+HexString.h */ = {isa = PBXFileReference; fileEncoding = 4; lastKnownFileType = sourcecode.c.h; path = "NSColor+HexString.h"; sourceTree = "<group>"; };
		99E426B2279B26FA000B80DC /* NSView+backgroundColor.h */ = {isa = PBXFileReference; fileEncoding = 4; lastKnownFileType = sourcecode.c.h; path = "NSView+backgroundColor.h"; sourceTree = "<group>"; };
		99E426B3279B26FA000B80DC /* MTMathListBuilder.h */ = {isa = PBXFileReference; fileEncoding = 4; lastKnownFileType = sourcecode.c.h; path = MTMathListBuilder.h; sourceTree = "<group>"; };
		99E426B4279B26FA000B80DC /* MTMathListDisplay.h */ = {isa = PBXFileReference; fileEncoding = 4; lastKnownFileType = sourcecode.c.h; path = MTMathListDisplay.h; sourceTree = "<group>"; };
		99E426B5279B26FA000B80DC /* MTConfig.h */ = {isa = PBXFileReference; fileEncoding = 4; lastKnownFileType = sourcecode.c.h; path = MTConfig.h; sourceTree = "<group>"; };
		99E426B6279B26FA000B80DC /* MTLabel.h */ = {isa = PBXFileReference; fileEncoding = 4; lastKnownFileType = sourcecode.c.h; path = MTLabel.h; sourceTree = "<group>"; };
		99E426B7279B26FA000B80DC /* MTFont.h */ = {isa = PBXFileReference; fileEncoding = 4; lastKnownFileType = sourcecode.c.h; path = MTFont.h; sourceTree = "<group>"; };
		99E426B8279B26FA000B80DC /* UIColor+HexString.h */ = {isa = PBXFileReference; fileEncoding = 4; lastKnownFileType = sourcecode.c.h; path = "UIColor+HexString.h"; sourceTree = "<group>"; };
		99E426B9279B26FA000B80DC /* MTUnicode.h */ = {isa = PBXFileReference; fileEncoding = 4; lastKnownFileType = sourcecode.c.h; path = MTUnicode.h; sourceTree = "<group>"; };
		99E426BA279B26FA000B80DC /* NSBezierPath+addLineToPoint.h */ = {isa = PBXFileReference; fileEncoding = 4; lastKnownFileType = sourcecode.c.h; path = "NSBezierPath+addLineToPoint.h"; sourceTree = "<group>"; };
		99E426BB279B26FA000B80DC /* IosMath.h */ = {isa = PBXFileReference; fileEncoding = 4; lastKnownFileType = sourcecode.c.h; path = IosMath.h; sourceTree = "<group>"; };
		99E426BC279B26FA000B80DC /* MTMathList.h */ = {isa = PBXFileReference; fileEncoding = 4; lastKnownFileType = sourcecode.c.h; path = MTMathList.h; sourceTree = "<group>"; };
		99E426BD279B26FA000B80DC /* MTMathAtomFactory.h */ = {isa = PBXFileReference; fileEncoding = 4; lastKnownFileType = sourcecode.c.h; path = MTMathAtomFactory.h; sourceTree = "<group>"; };
		99E426BE279B26FA000B80DC /* MTMathUILabel.h */ = {isa = PBXFileReference; fileEncoding = 4; lastKnownFileType = sourcecode.c.h; path = MTMathUILabel.h; sourceTree = "<group>"; };
		99E426BF279B26FA000B80DC /* MTFontManager.h */ = {isa = PBXFileReference; fileEncoding = 4; lastKnownFileType = sourcecode.c.h; path = MTFontManager.h; sourceTree = "<group>"; };
		99E426C1279B26FA000B80DC /* MTUnicode.m */ = {isa = PBXFileReference; fileEncoding = 4; lastKnownFileType = sourcecode.c.objc; path = MTUnicode.m; sourceTree = "<group>"; };
		99E426C2279B26FA000B80DC /* MTMathAtomFactory.m */ = {isa = PBXFileReference; fileEncoding = 4; lastKnownFileType = sourcecode.c.objc; path = MTMathAtomFactory.m; sourceTree = "<group>"; };
		99E426C3279B26FA000B80DC /* MTMathList.m */ = {isa = PBXFileReference; fileEncoding = 4; lastKnownFileType = sourcecode.c.objc; path = MTMathList.m; sourceTree = "<group>"; };
		99E426C4279B26FA000B80DC /* MTMathListBuilder.m */ = {isa = PBXFileReference; fileEncoding = 4; lastKnownFileType = sourcecode.c.objc; path = MTMathListBuilder.m; sourceTree = "<group>"; };
		99E426C5279B26FA000B80DC /* MTMathListIndex.m */ = {isa = PBXFileReference; fileEncoding = 4; lastKnownFileType = sourcecode.c.objc; path = MTMathListIndex.m; sourceTree = "<group>"; };
		99E4274A279CE59B000B80DC /* MathFonts.bundle */ = {isa = PBXFileReference; lastKnownFileType = "wrapper.plug-in"; name = MathFonts.bundle; path = Fonts/MathFonts.bundle; sourceTree = "<group>"; };
		B16B9A63054AE3FFB5C36F6B /* Pods-iosMathExample.release.xcconfig */ = {isa = PBXFileReference; includeInIndex = 1; lastKnownFileType = text.xcconfig; name = "Pods-iosMathExample.release.xcconfig"; path = "Pods/Target Support Files/Pods-iosMathExample/Pods-iosMathExample.release.xcconfig"; sourceTree = "<group>"; };
		BB4250423755E0D3CD2BA614 /* Pods-iosMathTests.debug.xcconfig */ = {isa = PBXFileReference; includeInIndex = 1; lastKnownFileType = text.xcconfig; name = "Pods-iosMathTests.debug.xcconfig"; path = "Pods/Target Support Files/Pods-iosMathTests/Pods-iosMathTests.debug.xcconfig"; sourceTree = "<group>"; };
		D93290960585498BBAEE4535 /* Pods-iosMathExample.debug.xcconfig */ = {isa = PBXFileReference; includeInIndex = 1; lastKnownFileType = text.xcconfig; name = "Pods-iosMathExample.debug.xcconfig"; path = "Pods/Target Support Files/Pods-iosMathExample/Pods-iosMathExample.debug.xcconfig"; sourceTree = "<group>"; };
/* End PBXFileReference section */

/* Begin PBXFrameworksBuildPhase section */
		4987307217D546800041B02B /* Frameworks */ = {
			isa = PBXFrameworksBuildPhase;
			buildActionMask = 2147483647;
			files = (
				498730AD17D549A00041B02B /* CoreGraphics.framework in Frameworks */,
				498730AC17D548DB0041B02B /* QuartzCore.framework in Frameworks */,
				498730AA17D548D40041B02B /* CoreText.framework in Frameworks */,
				498730A917D548CA0041B02B /* UIKit.framework in Frameworks */,
				4987307617D546800041B02B /* Foundation.framework in Frameworks */,
			);
			runOnlyForDeploymentPostprocessing = 0;
		};
		49965F1817CBBA2700A555C5 /* Frameworks */ = {
			isa = PBXFrameworksBuildPhase;
			buildActionMask = 2147483647;
			files = (
				49965F1F17CBBA2700A555C5 /* UIKit.framework in Frameworks */,
				49965F2017CBBA2700A555C5 /* Foundation.framework in Frameworks */,
				1CC48E8D526E9958A3D45383 /* libPods-iosMathTests.a in Frameworks */,
			);
			runOnlyForDeploymentPostprocessing = 0;
		};
/* End PBXFrameworksBuildPhase section */

/* Begin PBXGroup section */
		4987307717D546800041B02B /* Sources */ = {
			isa = PBXGroup;
			children = (
				99E4274A279CE59B000B80DC /* MathFonts.bundle */,
				99E426A1279B26FA000B80DC /* MTTypesetter.h */,
				99E426A2279B26FA000B80DC /* MTMathListDisplayInternal.h */,
				99E426A7279B26FA000B80DC /* MTFont+Internal.h */,
				99E42733279B4429000B80DC /* PublicHeaders */,
				99E426C1279B26FA000B80DC /* MTUnicode.m */,
				99E426C2279B26FA000B80DC /* MTMathAtomFactory.m */,
				99E426C3279B26FA000B80DC /* MTMathList.m */,
				99E426C4279B26FA000B80DC /* MTMathListBuilder.m */,
				99E426C5279B26FA000B80DC /* MTMathListIndex.m */,
				99E426A0279B26FA000B80DC /* NSBezierPath+addLineToPoint.m */,
				99E426A3279B26FA000B80DC /* MTFontMathTable.m */,
				99E426A4279B26FA000B80DC /* MTFontManager.m */,
				99E426A5279B26FA000B80DC /* MTMathUILabel.m */,
				99E426A6279B26FA000B80DC /* NSView+backgroundColor.m */,
				99E426A8279B26FA000B80DC /* NSColor+HexString.m */,
				99E426A9279B26FA000B80DC /* MTTypesetter.m */,
				99E426AA279B26FA000B80DC /* MTMathListDisplay.m */,
				99E426AB279B26FA000B80DC /* MTFont.m */,
				99E426AC279B26FA000B80DC /* MTLabel.m */,
				99E426AD279B26FA000B80DC /* UIColor+HexString.m */,
			);
			path = Sources;
			sourceTree = "<group>";
		};
		49965EF317CBBA2700A555C5 = {
			isa = PBXGroup;
			children = (
				498730AB17D548DB0041B02B /* QuartzCore.framework */,
				49B83EF217CE74620014B739 /* CoreText.framework */,
				4987307717D546800041B02B /* Sources */,
				49965F2317CBBA2700A555C5 /* iosMathTests */,
				49965EFE17CBBA2700A555C5 /* Frameworks */,
				49965EFD17CBBA2700A555C5 /* Products */,
				673C67F49848EC78C5FD29E0 /* Pods */,
			);
			sourceTree = "<group>";
		};
		49965EFD17CBBA2700A555C5 /* Products */ = {
			isa = PBXGroup;
			children = (
				49965F1C17CBBA2700A555C5 /* iosMathTests.xctest */,
				4987307517D546800041B02B /* libIosMath.a */,
			);
			name = Products;
			sourceTree = "<group>";
		};
		49965EFE17CBBA2700A555C5 /* Frameworks */ = {
			isa = PBXGroup;
			children = (
				49965EFF17CBBA2700A555C5 /* UIKit.framework */,
				49965F0117CBBA2700A555C5 /* Foundation.framework */,
				49965F0317CBBA2700A555C5 /* CoreGraphics.framework */,
				49A27B0218EBF5B30030B7EF /* CoreFoundation.framework */,
				11BDFD1AB91580A33D83C75E /* libPods-iosMathExample.a */,
				33459E3F7CC9ECC36CCA7414 /* libPods-iosMathTests.a */,
			);
			name = Frameworks;
			sourceTree = "<group>";
		};
		49965F2317CBBA2700A555C5 /* iosMathTests */ = {
			isa = PBXGroup;
			children = (
				49B83EEF17CE71AC0014B739 /* MTMathListBuilderTest.m */,
				49B83EF517CF046A0014B739 /* MTMathListTest.m */,
				490465BE1D23DA8400F82033 /* MTTypesetterTest.m */,
				49965F2417CBBA2700A555C5 /* Supporting Files */,
			);
			path = iosMathTests;
			sourceTree = "<group>";
		};
		49965F2417CBBA2700A555C5 /* Supporting Files */ = {
			isa = PBXGroup;
			children = (
				49965F2517CBBA2700A555C5 /* iosMathTests-Info.plist */,
				49965F2617CBBA2700A555C5 /* InfoPlist.strings */,
			);
			name = "Supporting Files";
			sourceTree = "<group>";
		};
		673C67F49848EC78C5FD29E0 /* Pods */ = {
			isa = PBXGroup;
			children = (
				D93290960585498BBAEE4535 /* Pods-iosMathExample.debug.xcconfig */,
				B16B9A63054AE3FFB5C36F6B /* Pods-iosMathExample.release.xcconfig */,
				BB4250423755E0D3CD2BA614 /* Pods-iosMathTests.debug.xcconfig */,
				964660A84E6FEDD150C994C8 /* Pods-iosMathTests.release.xcconfig */,
			);
			name = Pods;
			sourceTree = "<group>";
		};
		99E42733279B4429000B80DC /* PublicHeaders */ = {
			isa = PBXGroup;
			children = (
				99E426BB279B26FA000B80DC /* IosMath.h */,
				99E426B9279B26FA000B80DC /* MTUnicode.h */,
				99E426BD279B26FA000B80DC /* MTMathAtomFactory.h */,
				99E426BC279B26FA000B80DC /* MTMathList.h */,
				99E426B3279B26FA000B80DC /* MTMathListBuilder.h */,
				99E426B0279B26FA000B80DC /* MTMathListIndex.h */,
				99E426B5279B26FA000B80DC /* MTConfig.h */,
				99E426BA279B26FA000B80DC /* NSBezierPath+addLineToPoint.h */,
				99E426AE279B26FA000B80DC /* MTFontMathTable.h */,
				99E426BF279B26FA000B80DC /* MTFontManager.h */,
				99E426BE279B26FA000B80DC /* MTMathUILabel.h */,
				99E426B2279B26FA000B80DC /* NSView+backgroundColor.h */,
				99E426B1279B26FA000B80DC /* NSColor+HexString.h */,
				99E426B4279B26FA000B80DC /* MTMathListDisplay.h */,
				99E426B7279B26FA000B80DC /* MTFont.h */,
				99E426B6279B26FA000B80DC /* MTLabel.h */,
				99E426B8279B26FA000B80DC /* UIColor+HexString.h */,
			);
			path = PublicHeaders;
			sourceTree = "<group>";
		};
/* End PBXGroup section */

/* Begin PBXHeadersBuildPhase section */
		D94FE3521B90DD1F002D11E2 /* Headers */ = {
			isa = PBXHeadersBuildPhase;
			buildActionMask = 2147483647;
			files = (
				99E426D5279B26FA000B80DC /* MTMathListIndex.h in Headers */,
				99E426DE279B26FA000B80DC /* MTUnicode.h in Headers */,
				99E426E0279B26FA000B80DC /* IosMath.h in Headers */,
				99E426DD279B26FA000B80DC /* UIColor+HexString.h in Headers */,
				99E426D6279B26FA000B80DC /* NSColor+HexString.h in Headers */,
				99E426E1279B26FA000B80DC /* MTMathList.h in Headers */,
				99E426E2279B26FA000B80DC /* MTMathAtomFactory.h in Headers */,
				99E426E3279B26FA000B80DC /* MTMathUILabel.h in Headers */,
				99E426DF279B26FA000B80DC /* NSBezierPath+addLineToPoint.h in Headers */,
				99E426E4279B26FA000B80DC /* MTFontManager.h in Headers */,
				99E426DA279B26FA000B80DC /* MTConfig.h in Headers */,
				99E426D7279B26FA000B80DC /* NSView+backgroundColor.h in Headers */,
				99E426DB279B26FA000B80DC /* MTLabel.h in Headers */,
				99E426D9279B26FA000B80DC /* MTMathListDisplay.h in Headers */,
				99E426DC279B26FA000B80DC /* MTFont.h in Headers */,
				99E426D4279B26FA000B80DC /* MTFontMathTable.h in Headers */,
				99E426D8279B26FA000B80DC /* MTMathListBuilder.h in Headers */,
				99E426C7279B26FA000B80DC /* MTTypesetter.h in Headers */,
				99E426C8279B26FA000B80DC /* MTMathListDisplayInternal.h in Headers */,
				99E426CD279B26FA000B80DC /* MTFont+Internal.h in Headers */,
			);
			runOnlyForDeploymentPostprocessing = 0;
		};
/* End PBXHeadersBuildPhase section */

/* Begin PBXNativeTarget section */
		4987307417D546800041B02B /* IosMath */ = {
			isa = PBXNativeTarget;
			buildConfigurationList = 4987309717D546800041B02B /* Build configuration list for PBXNativeTarget "IosMath" */;
			buildPhases = (
				4987307117D546800041B02B /* Sources */,
				D94FE3521B90DD1F002D11E2 /* Headers */,
				4987307217D546800041B02B /* Frameworks */,
				4987307317D546800041B02B /* CopyFiles */,
				99E4274C279CE632000B80DC /* Resources */,
			);
			buildRules = (
			);
			dependencies = (
			);
			name = IosMath;
			productName = iosMathLib;
			productReference = 4987307517D546800041B02B /* libIosMath.a */;
			productType = "com.apple.product-type.library.static";
		};
		49965F1B17CBBA2700A555C5 /* iosMathTests */ = {
			isa = PBXNativeTarget;
			buildConfigurationList = 49965F3117CBBA2700A555C5 /* Build configuration list for PBXNativeTarget "iosMathTests" */;
			buildPhases = (
				2A6BF4D73475A64FE2BB8DAD /* [CP] Check Pods Manifest.lock */,
				49965F1717CBBA2700A555C5 /* Sources */,
				49965F1817CBBA2700A555C5 /* Frameworks */,
				49965F1917CBBA2700A555C5 /* Resources */,
				C6253ABF539A9D25D25B1108 /* [CP] Copy Pods Resources */,
			);
			buildRules = (
			);
			dependencies = (
			);
			name = iosMathTests;
			productName = iosMathTests;
			productReference = 49965F1C17CBBA2700A555C5 /* iosMathTests.xctest */;
			productType = "com.apple.product-type.bundle.unit-test";
		};
/* End PBXNativeTarget section */

/* Begin PBXProject section */
		49965EF417CBBA2700A555C5 /* Project object */ = {
			isa = PBXProject;
			attributes = {
				LastTestingUpgradeCheck = 0630;
				LastUpgradeCheck = 0940;
			};
			buildConfigurationList = 49965EF717CBBA2700A555C5 /* Build configuration list for PBXProject "iosMath" */;
			compatibilityVersion = "Xcode 3.2";
			developmentRegion = English;
			hasScannedForEncodings = 0;
			knownRegions = (
				English,
				en,
			);
			mainGroup = 49965EF317CBBA2700A555C5;
			productRefGroup = 49965EFD17CBBA2700A555C5 /* Products */;
			projectDirPath = "";
			projectRoot = "";
			targets = (
				49965F1B17CBBA2700A555C5 /* iosMathTests */,
				4987307417D546800041B02B /* IosMath */,
			);
		};
/* End PBXProject section */

/* Begin PBXResourcesBuildPhase section */
		49965F1917CBBA2700A555C5 /* Resources */ = {
			isa = PBXResourcesBuildPhase;
			buildActionMask = 2147483647;
			files = (
				498730A417D547450041B02B /* InfoPlist.strings in Resources */,
			);
			runOnlyForDeploymentPostprocessing = 0;
		};
		99E4274C279CE632000B80DC /* Resources */ = {
			isa = PBXResourcesBuildPhase;
			buildActionMask = 2147483647;
			files = (
				99E4274D279CE636000B80DC /* MathFonts.bundle in Resources */,
			);
			runOnlyForDeploymentPostprocessing = 0;
		};
/* End PBXResourcesBuildPhase section */

/* Begin PBXShellScriptBuildPhase section */
		2A6BF4D73475A64FE2BB8DAD /* [CP] Check Pods Manifest.lock */ = {
			isa = PBXShellScriptBuildPhase;
			buildActionMask = 2147483647;
			files = (
			);
			inputPaths = (
				"${PODS_PODFILE_DIR_PATH}/Podfile.lock",
				"${PODS_ROOT}/Manifest.lock",
			);
			name = "[CP] Check Pods Manifest.lock";
			outputPaths = (
				"$(DERIVED_FILE_DIR)/Pods-iosMathTests-checkManifestLockResult.txt",
			);
			runOnlyForDeploymentPostprocessing = 0;
			shellPath = /bin/sh;
			shellScript = "diff \"${PODS_PODFILE_DIR_PATH}/Podfile.lock\" \"${PODS_ROOT}/Manifest.lock\" > /dev/null\nif [ $? != 0 ] ; then\n    # print error to STDERR\n    echo \"error: The sandbox is not in sync with the Podfile.lock. Run 'pod install' or update your CocoaPods installation.\" >&2\n    exit 1\nfi\n# This output is used by Xcode 'outputs' to avoid re-running this script phase.\necho \"SUCCESS\" > \"${SCRIPT_OUTPUT_FILE_0}\"\n";
			showEnvVarsInLog = 0;
		};
		C6253ABF539A9D25D25B1108 /* [CP] Copy Pods Resources */ = {
			isa = PBXShellScriptBuildPhase;
			buildActionMask = 2147483647;
			files = (
			);
			inputPaths = (
				"${PODS_ROOT}/Target Support Files/Pods-iosMathTests/Pods-iosMathTests-resources.sh",
				"${PODS_ROOT}/../Sources/Fonts/MathFonts.bundle",
			);
			name = "[CP] Copy Pods Resources";
			outputPaths = (
				"${TARGET_BUILD_DIR}/${UNLOCALIZED_RESOURCES_FOLDER_PATH}/MathFonts.bundle",
			);
			runOnlyForDeploymentPostprocessing = 0;
			shellPath = /bin/sh;
			shellScript = "\"${PODS_ROOT}/Target Support Files/Pods-iosMathTests/Pods-iosMathTests-resources.sh\"\n";
			showEnvVarsInLog = 0;
		};
/* End PBXShellScriptBuildPhase section */

/* Begin PBXSourcesBuildPhase section */
		4987307117D546800041B02B /* Sources */ = {
			isa = PBXSourcesBuildPhase;
			buildActionMask = 2147483647;
			files = (
				99E42722279B39EE000B80DC /* MTUnicode.m in Sources */,
				99E42723279B39EE000B80DC /* MTMathAtomFactory.m in Sources */,
				99E42724279B39EE000B80DC /* MTMathList.m in Sources */,
				99E42725279B39EE000B80DC /* MTMathListBuilder.m in Sources */,
				99E42726279B39EE000B80DC /* MTMathListIndex.m in Sources */,
				99E42727279B39EE000B80DC /* NSBezierPath+addLineToPoint.m in Sources */,
				99E42728279B39EE000B80DC /* MTFontMathTable.m in Sources */,
				99E42729279B39EE000B80DC /* MTFontManager.m in Sources */,
				99E4272A279B39EE000B80DC /* MTMathUILabel.m in Sources */,
				99E4272B279B39EE000B80DC /* NSView+backgroundColor.m in Sources */,
				99E4272C279B39EE000B80DC /* NSColor+HexString.m in Sources */,
				99E4272D279B39EE000B80DC /* MTTypesetter.m in Sources */,
				99E4272E279B39EE000B80DC /* MTMathListDisplay.m in Sources */,
				99E4272F279B39EE000B80DC /* MTFont.m in Sources */,
				99E42730279B39EE000B80DC /* MTLabel.m in Sources */,
				99E42731279B39EE000B80DC /* UIColor+HexString.m in Sources */,
			);
			runOnlyForDeploymentPostprocessing = 0;
		};
		49965F1717CBBA2700A555C5 /* Sources */ = {
			isa = PBXSourcesBuildPhase;
			buildActionMask = 2147483647;
			files = (
				498730A717D548190041B02B /* MTMathListBuilderTest.m in Sources */,
				498730A817D548190041B02B /* MTMathListTest.m in Sources */,
				490465BF1D23DA8400F82033 /* MTTypesetterTest.m in Sources */,
			);
			runOnlyForDeploymentPostprocessing = 0;
		};
/* End PBXSourcesBuildPhase section */

/* Begin PBXVariantGroup section */
		49965F2617CBBA2700A555C5 /* InfoPlist.strings */ = {
			isa = PBXVariantGroup;
			children = (
				49965F2717CBBA2700A555C5 /* en */,
			);
			name = InfoPlist.strings;
			sourceTree = "<group>";
		};
/* End PBXVariantGroup section */

/* Begin XCBuildConfiguration section */
		4987309317D546800041B02B /* Debug */ = {
			isa = XCBuildConfiguration;
			buildSettings = {
				CLANG_ENABLE_MODULES = YES;
				DSTROOT = /tmp/iosMathLib.dst;
				IPHONEOS_DEPLOYMENT_TARGET = 9.0;
				OTHER_LDFLAGS = "-ObjC";
				PRODUCT_NAME = "$(TARGET_NAME)";
				PUBLIC_HEADERS_FOLDER_PATH = "$(TARGET_NAME)";
				SKIP_INSTALL = YES;
			};
			name = Debug;
		};
		4987309417D546800041B02B /* Release */ = {
			isa = XCBuildConfiguration;
			buildSettings = {
				CLANG_ENABLE_MODULES = YES;
				DSTROOT = /tmp/iosMathLib.dst;
				IPHONEOS_DEPLOYMENT_TARGET = 9.0;
				OTHER_LDFLAGS = "-ObjC";
				PRODUCT_NAME = "$(TARGET_NAME)";
				PUBLIC_HEADERS_FOLDER_PATH = "$(TARGET_NAME)";
				SKIP_INSTALL = YES;
			};
			name = Release;
		};
		49965F2C17CBBA2700A555C5 /* Debug */ = {
			isa = XCBuildConfiguration;
			buildSettings = {
				ALWAYS_SEARCH_USER_PATHS = NO;
				CLANG_CXX_LANGUAGE_STANDARD = "gnu++0x";
				CLANG_CXX_LIBRARY = "libc++";
				CLANG_ENABLE_MODULES = YES;
				CLANG_ENABLE_OBJC_ARC = YES;
				CLANG_WARN_BLOCK_CAPTURE_AUTORELEASING = YES;
				CLANG_WARN_BOOL_CONVERSION = YES;
				CLANG_WARN_COMMA = YES;
				CLANG_WARN_CONSTANT_CONVERSION = YES;
				CLANG_WARN_DEPRECATED_OBJC_IMPLEMENTATIONS = YES;
				CLANG_WARN_EMPTY_BODY = YES;
				CLANG_WARN_ENUM_CONVERSION = YES;
				CLANG_WARN_INFINITE_RECURSION = YES;
				CLANG_WARN_INT_CONVERSION = YES;
				CLANG_WARN_NON_LITERAL_NULL_CONVERSION = YES;
				CLANG_WARN_OBJC_IMPLICIT_RETAIN_SELF = YES;
				CLANG_WARN_OBJC_LITERAL_CONVERSION = YES;
				CLANG_WARN_RANGE_LOOP_ANALYSIS = YES;
				CLANG_WARN_STRICT_PROTOTYPES = YES;
				CLANG_WARN_SUSPICIOUS_MOVE = YES;
				CLANG_WARN_UNREACHABLE_CODE = YES;
				CLANG_WARN__DUPLICATE_METHOD_MATCH = YES;
				COPY_PHASE_STRIP = NO;
				ENABLE_STRICT_OBJC_MSGSEND = YES;
				ENABLE_TESTABILITY = YES;
				GCC_C_LANGUAGE_STANDARD = gnu99;
				GCC_DYNAMIC_NO_PIC = NO;
				GCC_NO_COMMON_BLOCKS = YES;
				GCC_OPTIMIZATION_LEVEL = 0;
				GCC_PREPROCESSOR_DEFINITIONS = (
					"DEBUG=1",
					"$(inherited)",
				);
				GCC_SYMBOLS_PRIVATE_EXTERN = NO;
				GCC_WARN_64_TO_32_BIT_CONVERSION = YES;
				GCC_WARN_ABOUT_RETURN_TYPE = YES;
				GCC_WARN_UNDECLARED_SELECTOR = YES;
				GCC_WARN_UNINITIALIZED_AUTOS = YES;
				GCC_WARN_UNUSED_FUNCTION = YES;
				GCC_WARN_UNUSED_VARIABLE = YES;
				IPHONEOS_DEPLOYMENT_TARGET = 8.0;
				ONLY_ACTIVE_ARCH = YES;
				SDKROOT = iphoneos;
				TARGETED_DEVICE_FAMILY = "1,2";
			};
			name = Debug;
		};
		49965F2D17CBBA2700A555C5 /* Release */ = {
			isa = XCBuildConfiguration;
			buildSettings = {
				ALWAYS_SEARCH_USER_PATHS = NO;
				CLANG_CXX_LANGUAGE_STANDARD = "gnu++0x";
				CLANG_CXX_LIBRARY = "libc++";
				CLANG_ENABLE_MODULES = YES;
				CLANG_ENABLE_OBJC_ARC = YES;
				CLANG_WARN_BLOCK_CAPTURE_AUTORELEASING = YES;
				CLANG_WARN_BOOL_CONVERSION = YES;
				CLANG_WARN_COMMA = YES;
				CLANG_WARN_CONSTANT_CONVERSION = YES;
				CLANG_WARN_DEPRECATED_OBJC_IMPLEMENTATIONS = YES;
				CLANG_WARN_EMPTY_BODY = YES;
				CLANG_WARN_ENUM_CONVERSION = YES;
				CLANG_WARN_INFINITE_RECURSION = YES;
				CLANG_WARN_INT_CONVERSION = YES;
				CLANG_WARN_NON_LITERAL_NULL_CONVERSION = YES;
				CLANG_WARN_OBJC_IMPLICIT_RETAIN_SELF = YES;
				CLANG_WARN_OBJC_LITERAL_CONVERSION = YES;
				CLANG_WARN_RANGE_LOOP_ANALYSIS = YES;
				CLANG_WARN_STRICT_PROTOTYPES = YES;
				CLANG_WARN_SUSPICIOUS_MOVE = YES;
				CLANG_WARN_UNREACHABLE_CODE = YES;
				CLANG_WARN__DUPLICATE_METHOD_MATCH = YES;
				COPY_PHASE_STRIP = YES;
				ENABLE_STRICT_OBJC_MSGSEND = YES;
				GCC_C_LANGUAGE_STANDARD = gnu99;
				GCC_NO_COMMON_BLOCKS = YES;
				GCC_WARN_64_TO_32_BIT_CONVERSION = YES;
				GCC_WARN_ABOUT_RETURN_TYPE = YES;
				GCC_WARN_UNDECLARED_SELECTOR = YES;
				GCC_WARN_UNINITIALIZED_AUTOS = YES;
				GCC_WARN_UNUSED_FUNCTION = YES;
				GCC_WARN_UNUSED_VARIABLE = YES;
				IPHONEOS_DEPLOYMENT_TARGET = 8.0;
				OTHER_CFLAGS = "-DNS_BLOCK_ASSERTIONS=1";
				SDKROOT = iphoneos;
				TARGETED_DEVICE_FAMILY = "1,2";
				VALIDATE_PRODUCT = YES;
			};
			name = Release;
		};
		49965F3217CBBA2700A555C5 /* Debug */ = {
			isa = XCBuildConfiguration;
			baseConfigurationReference = BB4250423755E0D3CD2BA614 /* Pods-iosMathTests.debug.xcconfig */;
			buildSettings = {
				INFOPLIST_FILE = "iosMathTests/iosMathTests-Info.plist";
				IPHONEOS_DEPLOYMENT_TARGET = 9.0;
				PRODUCT_BUNDLE_IDENTIFIER = "MathChat.${PRODUCT_NAME:rfc1034identifier}";
				PRODUCT_NAME = "$(TARGET_NAME)";
			};
			name = Debug;
		};
		49965F3317CBBA2700A555C5 /* Release */ = {
			isa = XCBuildConfiguration;
			baseConfigurationReference = 964660A84E6FEDD150C994C8 /* Pods-iosMathTests.release.xcconfig */;
			buildSettings = {
				INFOPLIST_FILE = "iosMathTests/iosMathTests-Info.plist";
				IPHONEOS_DEPLOYMENT_TARGET = 9.0;
				PRODUCT_BUNDLE_IDENTIFIER = "MathChat.${PRODUCT_NAME:rfc1034identifier}";
				PRODUCT_NAME = "$(TARGET_NAME)";
			};
			name = Release;
		};
/* End XCBuildConfiguration section */

/* Begin XCConfigurationList section */
		4987309717D546800041B02B /* Build configuration list for PBXNativeTarget "IosMath" */ = {
			isa = XCConfigurationList;
			buildConfigurations = (
				4987309317D546800041B02B /* Debug */,
				4987309417D546800041B02B /* Release */,
			);
			defaultConfigurationIsVisible = 0;
			defaultConfigurationName = Release;
		};
		49965EF717CBBA2700A555C5 /* Build configuration list for PBXProject "iosMath" */ = {
			isa = XCConfigurationList;
			buildConfigurations = (
				49965F2C17CBBA2700A555C5 /* Debug */,
				49965F2D17CBBA2700A555C5 /* Release */,
			);
			defaultConfigurationIsVisible = 0;
			defaultConfigurationName = Release;
		};
		49965F3117CBBA2700A555C5 /* Build configuration list for PBXNativeTarget "iosMathTests" */ = {
			isa = XCConfigurationList;
			buildConfigurations = (
				49965F3217CBBA2700A555C5 /* Debug */,
				49965F3317CBBA2700A555C5 /* Release */,
			);
			defaultConfigurationIsVisible = 0;
			defaultConfigurationName = Release;
		};
/* End XCConfigurationList section */
	};
	rootObject = 49965EF417CBBA2700A555C5 /* Project object */;
}
